{
  "requires": true,
  "lockfileVersion": 1,
  "dependencies": {
    "@types/lodash": {
      "version": "3.10.1",
      "resolved": "https://registry.npm.taobao.org/@types/lodash/download/@types/lodash-3.10.1.tgz",
      "integrity": "sha1-74yMNWSfB4hOD7d2OyS6r34XXDY="
    },
    "@types/screeps": {
      "version": "3.1.0",
      "resolved": "https://registry.npm.taobao.org/@types/screeps/download/@types/screeps-3.1.0.tgz",
      "integrity": "sha1-pniN5Lq17VpphCNy5aWpvspn8fc="
    }
  }
}
